
Microsoft Visual Studio Solution File, Format Version 12.00
# Visual Studio Version 17
VisualStudioVersion = 17.9.34622.214
MinimumVisualStudioVersion = 10.0.40219.1
Project("{FAE04EC0-301F-11D3-BF4B-00C04F79EFBC}") = "dydelf", "dydelf\dydelf.csproj", "{BC9A7844-E201-4925-8881-8E95AE85F676}"
EndProject
Global
	GlobalSection(SolutionConfigurationPlatforms) = preSolution
		Debug|Any CPU = Debug|Any CPU
		Release|Any CPU = Release|Any CPU
	EndGlobalSection
	GlobalSection(ProjectConfigurationPlatforms) = postSolution
		{BC9A7844-E201-4925-8881-8E95AE85F676}.Debug|Any CPU.ActiveCfg = Debug|Any CPU
		{BC9A7844-E201-4925-8881-8E95AE85F676}.Debug|Any CPU.Build.0 = Debug|Any CPU
		{BC9A7844-E201-4925-8881-8E95AE85F676}.Release|Any CPU.ActiveCfg = Release|Any CPU
		{BC9A7844-E201-4925-8881-8E95AE85F676}.Release|Any CPU.Build.0 = Release|Any CPU
	EndGlobalSection
	GlobalSection(SolutionProperties) = preSolution
		HideSolutionNode = FALSE
	EndGlobalSection
	GlobalSection(ExtensibilityGlobals) = postSolution
		SolutionGuid = {01CC73E0-D539-4A9D-A6C8-4017FE591EC2}
	EndGlobalSection
EndGlobal
